
Microsoft Visual Studio Solution File, Format Version 12.00
# Visual Studio 2012
Project("{FAE04EC0-301F-11D3-BF4B-00C04F79EFBC}") = "Note.Android", "Note.Android\Note.Android.csproj", "{7902F503-D792-43BC-93E4-6CB9A14DBCF3}"
EndProject
Project("{FAE04EC0-301F-11D3-BF4B-00C04F79EFBC}") = "Note", "Note\Note.csproj", "{9DA29B14-C1D9-4FBB-98F8-11902AFE8D4D}"
EndProject
Global
	GlobalSection(SolutionConfigurationPlatforms) = preSolution
		Debug|Any CPU = Debug|Any CPU
		Release|Any CPU = Release|Any CPU
	EndGlobalSection
	GlobalSection(ProjectConfigurationPlatforms) = postSolution
		{7902F503-D792-43BC-93E4-6CB9A14DBCF3}.Debug|Any CPU.ActiveCfg = Debug|Any CPU
		{7902F503-D792-43BC-93E4-6CB9A14DBCF3}.Debug|Any CPU.Build.0 = Debug|Any CPU
		{7902F503-D792-43BC-93E4-6CB9A14DBCF3}.Release|Any CPU.ActiveCfg = Release|Any CPU
		{7902F503-D792-43BC-93E4-6CB9A14DBCF3}.Release|Any CPU.Build.0 = Release|Any CPU
		{9DA29B14-C1D9-4FBB-98F8-11902AFE8D4D}.Debug|Any CPU.ActiveCfg = Debug|Any CPU
		{9DA29B14-C1D9-4FBB-98F8-11902AFE8D4D}.Debug|Any CPU.Build.0 = Debug|Any CPU
		{9DA29B14-C1D9-4FBB-98F8-11902AFE8D4D}.Release|Any CPU.ActiveCfg = Release|Any CPU
		{9DA29B14-C1D9-4FBB-98F8-11902AFE8D4D}.Release|Any CPU.Build.0 = Release|Any CPU
	EndGlobalSection
EndGlobal
